<?xml version="1.0" encoding="utf-8"?>
<Project ToolsVersion="4.0" xmlns="http://schemas.microsoft.com/developer/msbuild/2003">
  <ItemGroup>
    <ClCompile Include="Camera.cpp">
      <Filter>render</Filter>
    </ClCompile>
    <ClCompile Include="CameraMAYA.cpp">
      <Filter>render</Filter>
    </ClCompile>
    <ClCompile Include="Renderer.cpp">
      <Filter>render</Filter>
    </ClCompile>
    <ClCompile Include="ShaderAdapter.cpp">
      <Filter>render</Filter>
    </ClCompile>
    <ClCompile Include="Entity.cpp">
      <Filter>entity</Filter>
    </ClCompile>
    <ClCompile Include="First.cpp">
      <Filter>main</Filter>
    </ClCompile>
    <ClCompile Include="PCH.cpp">
      <Filter>main</Filter>
    </ClCompile>
    <ClCompile Include="Mesh.cpp">
      <Filter>render\resource</Filter>
    </ClCompile>
    <ClCompile Include="MeshBuffer.cpp">
      <Filter>render\resource</Filter>
    </ClCompile>
    <ClCompile Include="Texture.cpp">
      <Filter>render\resource</Filter>
    </ClCompile>
    <ClCompile Include="ResourceManager.cpp">
      <Filter>render\resource</Filter>
    </ClCompile>
    <ClCompile Include="GeometryCreator.cpp">
      <Filter>render\resource</Filter>
    </ClCompile>
    <ClCompile Include="ColladaLoader.cpp">
      <Filter>render\resource</Filter>
    </ClCompile>
  </ItemGroup>
  <ItemGroup>
    <ClInclude Include="CameraMAYA.h">
      <Filter>render</Filter>
    </ClInclude>
    <ClInclude Include="Camera.h">
      <Filter>render</Filter>
    </ClInclude>
    <ClInclude Include="Renderer.h">
      <Filter>render</Filter>
    </ClInclude>
    <ClInclude Include="ShaderAdapter.h">
      <Filter>render</Filter>
    </ClInclude>
    <ClInclude Include="Entity.h">
      <Filter>entity</Filter>
    </ClInclude>
    <ClInclude Include="Singleton.h">
      <Filter>misc</Filter>
    </ClInclude>
    <ClInclude Include="TimeManager.h">
      <Filter>misc</Filter>
    </ClInclude>
    <ClInclude Include="types.h">
      <Filter>misc</Filter>
    </ClInclude>
    <ClInclude Include="ReferenceCounter.h">
      <Filter>misc</Filter>
    </ClInclude>
    <ClInclude Include="PCH.h">
      <Filter>main</Filter>
    </ClInclude>
    <ClInclude Include="First.h">
      <Filter>main</Filter>
    </ClInclude>
    <ClInclude Include="targetver.h">
      <Filter>main</Filter>
    </ClInclude>
    <ClInclude Include="resource.h">
      <Filter>main</Filter>
    </ClInclude>
    <ClInclude Include="MeshBuffer.h">
      <Filter>render\resource</Filter>
    </ClInclude>
    <ClInclude Include="Mesh.h">
      <Filter>render\resource</Filter>
    </ClInclude>
    <ClInclude Include="Texture.h">
      <Filter>render\resource</Filter>
    </ClInclude>
    <ClInclude Include="ResourceManager.h">
      <Filter>render\resource</Filter>
    </ClInclude>
    <ClInclude Include="GeometryCreator.h">
      <Filter>render\resource</Filter>
    </ClInclude>
    <ClInclude Include="ColladaLoader.h">
      <Filter>render\resource</Filter>
    </ClInclude>
  </ItemGroup>
  <ItemGroup>
    <Filter Include="render">
      <UniqueIdentifier>{19c316b9-afa2-4edb-ad5f-fd263bd8efb3}</UniqueIdentifier>
    </Filter>
    <Filter Include="misc">
      <UniqueIdentifier>{3dae18f8-e41f-4fbd-8093-3fac350e5e89}</UniqueIdentifier>
    </Filter>
    <Filter Include="entity">
      <UniqueIdentifier>{69b7e772-d55e-48c6-9bd5-8cb11eae401c}</UniqueIdentifier>
    </Filter>
    <Filter Include="main">
      <UniqueIdentifier>{3ceb97dc-e5f1-47f7-944a-198ec08864db}</UniqueIdentifier>
    </Filter>
    <Filter Include="render\resource">
      <UniqueIdentifier>{9b4b8b65-5078-4144-8144-f3040a55ed38}</UniqueIdentifier>
    </Filter>
  </ItemGroup>
  <ItemGroup>
    <ResourceCompile Include="First.rc">
      <Filter>main</Filter>
    </ResourceCompile>
  </ItemGroup>
  <ItemGroup>
    <None Include="sol9.ico">
      <Filter>main</Filter>
    </None>
  </ItemGroup>
</Project>